{
  "name": "command-line-tic-tac-toe",
  "version": "1.0.0",
  "lockfileVersion": 1,
  "requires": true,
  "dependencies": {
    "prompt-sync": {
      "version": "3.0.3",
      "resolved": "https://registry.npmjs.org/prompt-sync/-/prompt-sync-3.0.3.tgz",
      "integrity": "sha1-UDrMPOgTFfYRMs6+8v0ndRRcVQ0="
    }
  }
}
